
Microsoft Visual Studio Solution File, Format Version 12.00
# Visual Studio Express 2013 for Windows Desktop
VisualStudioVersion = 12.0.21005.1
MinimumVisualStudioVersion = 10.0.40219.1
Project("{FAE04EC0-301F-11D3-BF4B-00C04F79EFBC}") = "CalculadoraReembolso", "CalculadoraReembolso\CalculadoraReembolso.csproj", "{9D049305-B100-486F-A74B-16A803BE242C}"
EndProject
Project("{FAE04EC0-301F-11D3-BF4B-00C04F79EFBC}") = "TrocaElefante", "TrocaElefante\TrocaElefante.csproj", "{3726A47E-7352-4FC4-8396-9572EB819372}"
EndProject
Project("{FAE04EC0-301F-11D3-BF4B-00C04F79EFBC}") = "MenuAleatorioJoaoPodrao", "MenuAleatorioJoaoPodrao\MenuAleatorioJoaoPodrao.csproj", "{D257384E-E720-444C-8759-3F78743535B0}"
EndProject
Global
	GlobalSection(SolutionConfigurationPlatforms) = preSolution
		Debug|Any CPU = Debug|Any CPU
		Release|Any CPU = Release|Any CPU
	EndGlobalSection
	GlobalSection(ProjectConfigurationPlatforms) = postSolution
		{9D049305-B100-486F-A74B-16A803BE242C}.Debug|Any CPU.ActiveCfg = Debug|Any CPU
		{9D049305-B100-486F-A74B-16A803BE242C}.Debug|Any CPU.Build.0 = Debug|Any CPU
		{9D049305-B100-486F-A74B-16A803BE242C}.Release|Any CPU.ActiveCfg = Release|Any CPU
		{9D049305-B100-486F-A74B-16A803BE242C}.Release|Any CPU.Build.0 = Release|Any CPU
		{3726A47E-7352-4FC4-8396-9572EB819372}.Debug|Any CPU.ActiveCfg = Debug|Any CPU
		{3726A47E-7352-4FC4-8396-9572EB819372}.Debug|Any CPU.Build.0 = Debug|Any CPU
		{3726A47E-7352-4FC4-8396-9572EB819372}.Release|Any CPU.ActiveCfg = Release|Any CPU
		{3726A47E-7352-4FC4-8396-9572EB819372}.Release|Any CPU.Build.0 = Release|Any CPU
		{D257384E-E720-444C-8759-3F78743535B0}.Debug|Any CPU.ActiveCfg = Debug|Any CPU
		{D257384E-E720-444C-8759-3F78743535B0}.Debug|Any CPU.Build.0 = Debug|Any CPU
		{D257384E-E720-444C-8759-3F78743535B0}.Release|Any CPU.ActiveCfg = Release|Any CPU
		{D257384E-E720-444C-8759-3F78743535B0}.Release|Any CPU.Build.0 = Release|Any CPU
	EndGlobalSection
	GlobalSection(SolutionProperties) = preSolution
		HideSolutionNode = FALSE
	EndGlobalSection
EndGlobal
